// !$*UTF8*$!
{
	archiveVersion = 1;
	classes = {
	};
	objectVersion = 55;
	objects = {

/* Begin PBXBuildFile section */
		094819142ACE238A005DA2B2 /* HeaderModel.swift in Sources */ = {isa = PBXBuildFile; fileRef = 094819132ACE238A005DA2B2 /* HeaderModel.swift */; };
		094819162ACE23F3005DA2B2 /* HeaderData.swift in Sources */ = {isa = PBXBuildFile; fileRef = 094819152ACE23F3005DA2B2 /* HeaderData.swift */; };
		094819182ACE26EA005DA2B2 /* DishesView.swift in Sources */ = {isa = PBXBuildFile; fileRef = 094819172ACE26EA005DA2B2 /* DishesView.swift */; };
		0948191A2ACF78D4005DA2B2 /* FactsView.swift in Sources */ = {isa = PBXBuildFile; fileRef = 094819192ACF78D4005DA2B2 /* FactsView.swift */; };
		0948191E2ACF7D65005DA2B2 /* FactModel.swift in Sources */ = {isa = PBXBuildFile; fileRef = 0948191D2ACF7D65005DA2B2 /* FactModel.swift */; };
		094819202ACF7DA8005DA2B2 /* FactData.swift in Sources */ = {isa = PBXBuildFile; fileRef = 0948191F2ACF7DA8005DA2B2 /* FactData.swift */; };
		094819222AD0651B005DA2B2 /* RecipeModel.swift in Sources */ = {isa = PBXBuildFile; fileRef = 094819212AD0651B005DA2B2 /* RecipeModel.swift */; };
		094819242AD065D6005DA2B2 /* RecipeData.swift in Sources */ = {isa = PBXBuildFile; fileRef = 094819232AD065D6005DA2B2 /* RecipeData.swift */; };
		094819262AD0670A005DA2B2 /* RecipeCardView.swift in Sources */ = {isa = PBXBuildFile; fileRef = 094819252AD0670A005DA2B2 /* RecipeCardView.swift */; };
		094819282AD07113005DA2B2 /* RecipeRatingView.swift in Sources */ = {isa = PBXBuildFile; fileRef = 094819272AD07113005DA2B2 /* RecipeRatingView.swift */; };
		0948192A2AD071B4005DA2B2 /* RecipeCookingView.swift in Sources */ = {isa = PBXBuildFile; fileRef = 094819292AD071B4005DA2B2 /* RecipeCookingView.swift */; };
		0948192C2AD07284005DA2B2 /* RecipeDetailView.swift in Sources */ = {isa = PBXBuildFile; fileRef = 0948192B2AD07284005DA2B2 /* RecipeDetailView.swift */; };
		0948192E2AD22CE9005DA2B2 /* RipeningView.swift in Sources */ = {isa = PBXBuildFile; fileRef = 0948192D2AD22CE9005DA2B2 /* RipeningView.swift */; };
		094819302AD23AAC005DA2B2 /* RipeningModel.swift in Sources */ = {isa = PBXBuildFile; fileRef = 0948192F2AD23AAC005DA2B2 /* RipeningModel.swift */; };
		094819322AD23B10005DA2B2 /* RipeningData.swift in Sources */ = {isa = PBXBuildFile; fileRef = 094819312AD23B10005DA2B2 /* RipeningData.swift */; };
		098FFF032ACB400100F7E266 /* AvocadosView.swift in Sources */ = {isa = PBXBuildFile; fileRef = 098FFF022ACB400100F7E266 /* AvocadosView.swift */; };
		098FFF052ACB403C00F7E266 /* RipeningStagesView.swift in Sources */ = {isa = PBXBuildFile; fileRef = 098FFF042ACB403C00F7E266 /* RipeningStagesView.swift */; };
		098FFF072ACB407000F7E266 /* SettingsView.swift in Sources */ = {isa = PBXBuildFile; fileRef = 098FFF062ACB407000F7E266 /* SettingsView.swift */; };
		098FFF092ACB409700F7E266 /* AppView.swift in Sources */ = {isa = PBXBuildFile; fileRef = 098FFF082ACB409700F7E266 /* AppView.swift */; };
		098FFF0B2ACB565B00F7E266 /* HeaderView.swift in Sources */ = {isa = PBXBuildFile; fileRef = 098FFF0A2ACB565B00F7E266 /* HeaderView.swift */; };
		09FE87132AC60B9D00924057 /* AvocadoApp.swift in Sources */ = {isa = PBXBuildFile; fileRef = 09FE87122AC60B9D00924057 /* AvocadoApp.swift */; };
		09FE87152AC60B9D00924057 /* RecipesView.swift in Sources */ = {isa = PBXBuildFile; fileRef = 09FE87142AC60B9D00924057 /* RecipesView.swift */; };
		09FE87172AC60BA500924057 /* Assets.xcassets in Resources */ = {isa = PBXBuildFile; fileRef = 09FE87162AC60BA500924057 /* Assets.xcassets */; };
		09FE871A2AC60BA500924057 /* Preview Assets.xcassets in Resources */ = {isa = PBXBuildFile; fileRef = 09FE87192AC60BA500924057 /* Preview Assets.xcassets */; };
		480BC27E2C2131BE00823410 /* DateExtension.swift in Sources */ = {isa = PBXBuildFile; fileRef = 480BC27D2C2131BE00823410 /* DateExtension.swift */; };
		482656962C0AD1BA0001E647 /* AvocadoUITests.swift in Sources */ = {isa = PBXBuildFile; fileRef = 482656952C0AD1BA0001E647 /* AvocadoUITests.swift */; };
		482656982C0AD1BA0001E647 /* AvocadoUITestsLaunchTests.swift in Sources */ = {isa = PBXBuildFile; fileRef = 482656972C0AD1BA0001E647 /* AvocadoUITestsLaunchTests.swift */; };
		4890C54E2BF9339500B0EE85 /* DishData.swift in Sources */ = {isa = PBXBuildFile; fileRef = 4890C54D2BF9339500B0EE85 /* DishData.swift */; };
		4890C5502BF933B800B0EE85 /* DishModel.swift in Sources */ = {isa = PBXBuildFile; fileRef = 4890C54F2BF933B800B0EE85 /* DishModel.swift */; };
		4890C5522BF9A36300B0EE85 /* DishView.swift in Sources */ = {isa = PBXBuildFile; fileRef = 4890C5512BF9A36300B0EE85 /* DishView.swift */; };
		48A0E9C02C15393400E5B002 /* TabBar.swift in Sources */ = {isa = PBXBuildFile; fileRef = 48A0E9BF2C15393400E5B002 /* TabBar.swift */; };
		48A0E9C32C153C8300E5B002 /* TabBarProtocol.swift in Sources */ = {isa = PBXBuildFile; fileRef = 48A0E9C22C153C8300E5B002 /* TabBarProtocol.swift */; };
		48A0E9C82C154D0E00E5B002 /* Tabs.swift in Sources */ = {isa = PBXBuildFile; fileRef = 48A0E9C72C154D0E00E5B002 /* Tabs.swift */; };
		48D594EC2C13FEF400DD7426 /* BaseScreen.swift in Sources */ = {isa = PBXBuildFile; fileRef = 48D594EB2C13FEF400DD7426 /* BaseScreen.swift */; };
		48D594EE2C13FF4500DD7426 /* BaseTest.swift in Sources */ = {isa = PBXBuildFile; fileRef = 48D594ED2C13FF4500DD7426 /* BaseTest.swift */; };
		48D594F02C14002500DD7426 /* AppScreen.swift in Sources */ = {isa = PBXBuildFile; fileRef = 48D594EF2C14002500DD7426 /* AppScreen.swift */; };
		48D594F22C1401DD00DD7426 /* RecipesScreen.swift in Sources */ = {isa = PBXBuildFile; fileRef = 48D594F12C1401DD00DD7426 /* RecipesScreen.swift */; };
		48D594F42C14126C00DD7426 /* RecipeDetailScreen.swift in Sources */ = {isa = PBXBuildFile; fileRef = 48D594F32C14126C00DD7426 /* RecipeDetailScreen.swift */; };
		48F270622C1D397A00708653 /* AppDelegate.swift in Sources */ = {isa = PBXBuildFile; fileRef = 48F270612C1D397A00708653 /* AppDelegate.swift */; };
		48F3DBED2C22851F005A72F0 /* ScrollView.swift in Sources */ = {isa = PBXBuildFile; fileRef = 48F3DBEC2C22851F005A72F0 /* ScrollView.swift */; };
		48F3DBEF2C228AC6005A72F0 /* Text.swift in Sources */ = {isa = PBXBuildFile; fileRef = 48F3DBEE2C228AC6005A72F0 /* Text.swift */; };
/* End PBXBuildFile section */

/* Begin PBXContainerItemProxy section */
		482656992C0AD1BA0001E647 /* PBXContainerItemProxy */ = {
			isa = PBXContainerItemProxy;
			containerPortal = 09FE87072AC60B9D00924057 /* Project object */;
			proxyType = 1;
			remoteGlobalIDString = 09FE870E2AC60B9D00924057;
			remoteInfo = Avocado;
		};
/* End PBXContainerItemProxy section */

/* Begin PBXFileReference section */
		094819132ACE238A005DA2B2 /* HeaderModel.swift */ = {isa = PBXFileReference; lastKnownFileType = sourcecode.swift; path = HeaderModel.swift; sourceTree = "<group>"; };
		094819152ACE23F3005DA2B2 /* HeaderData.swift */ = {isa = PBXFileReference; lastKnownFileType = sourcecode.swift; path = HeaderData.swift; sourceTree = "<group>"; };
		094819172ACE26EA005DA2B2 /* DishesView.swift */ = {isa = PBXFileReference; lastKnownFileType = sourcecode.swift; path = DishesView.swift; sourceTree = "<group>"; };
		094819192ACF78D4005DA2B2 /* FactsView.swift */ = {isa = PBXFileReference; lastKnownFileType = sourcecode.swift; path = FactsView.swift; sourceTree = "<group>"; };
		0948191D2ACF7D65005DA2B2 /* FactModel.swift */ = {isa = PBXFileReference; lastKnownFileType = sourcecode.swift; path = FactModel.swift; sourceTree = "<group>"; };
		0948191F2ACF7DA8005DA2B2 /* FactData.swift */ = {isa = PBXFileReference; lastKnownFileType = sourcecode.swift; path = FactData.swift; sourceTree = "<group>"; };
		094819212AD0651B005DA2B2 /* RecipeModel.swift */ = {isa = PBXFileReference; lastKnownFileType = sourcecode.swift; path = RecipeModel.swift; sourceTree = "<group>"; };
		094819232AD065D6005DA2B2 /* RecipeData.swift */ = {isa = PBXFileReference; lastKnownFileType = sourcecode.swift; path = RecipeData.swift; sourceTree = "<group>"; };
		094819252AD0670A005DA2B2 /* RecipeCardView.swift */ = {isa = PBXFileReference; lastKnownFileType = sourcecode.swift; path = RecipeCardView.swift; sourceTree = "<group>"; };
		094819272AD07113005DA2B2 /* RecipeRatingView.swift */ = {isa = PBXFileReference; lastKnownFileType = sourcecode.swift; path = RecipeRatingView.swift; sourceTree = "<group>"; };
		094819292AD071B4005DA2B2 /* RecipeCookingView.swift */ = {isa = PBXFileReference; lastKnownFileType = sourcecode.swift; path = RecipeCookingView.swift; sourceTree = "<group>"; };
		0948192B2AD07284005DA2B2 /* RecipeDetailView.swift */ = {isa = PBXFileReference; lastKnownFileType = sourcecode.swift; path = RecipeDetailView.swift; sourceTree = "<group>"; };
		0948192D2AD22CE9005DA2B2 /* RipeningView.swift */ = {isa = PBXFileReference; lastKnownFileType = sourcecode.swift; path = RipeningView.swift; sourceTree = "<group>"; };
		0948192F2AD23AAC005DA2B2 /* RipeningModel.swift */ = {isa = PBXFileReference; lastKnownFileType = sourcecode.swift; path = RipeningModel.swift; sourceTree = "<group>"; };
		094819312AD23B10005DA2B2 /* RipeningData.swift */ = {isa = PBXFileReference; lastKnownFileType = sourcecode.swift; path = RipeningData.swift; sourceTree = "<group>"; };
		098FFF022ACB400100F7E266 /* AvocadosView.swift */ = {isa = PBXFileReference; lastKnownFileType = sourcecode.swift; path = AvocadosView.swift; sourceTree = "<group>"; };
		098FFF042ACB403C00F7E266 /* RipeningStagesView.swift */ = {isa = PBXFileReference; lastKnownFileType = sourcecode.swift; path = RipeningStagesView.swift; sourceTree = "<group>"; };
		098FFF062ACB407000F7E266 /* SettingsView.swift */ = {isa = PBXFileReference; lastKnownFileType = sourcecode.swift; path = SettingsView.swift; sourceTree = "<group>"; };
		098FFF082ACB409700F7E266 /* AppView.swift */ = {isa = PBXFileReference; lastKnownFileType = sourcecode.swift; path = AppView.swift; sourceTree = "<group>"; };
		098FFF0A2ACB565B00F7E266 /* HeaderView.swift */ = {isa = PBXFileReference; lastKnownFileType = sourcecode.swift; path = HeaderView.swift; sourceTree = "<group>"; };
		09DEEDC72ACB371900A410C9 /* Info.plist */ = {isa = PBXFileReference; lastKnownFileType = text.plist; path = Info.plist; sourceTree = "<group>"; };
		09FE870F2AC60B9D00924057 /* Avocado.app */ = {isa = PBXFileReference; explicitFileType = wrapper.application; includeInIndex = 0; path = Avocado.app; sourceTree = BUILT_PRODUCTS_DIR; };
		09FE87122AC60B9D00924057 /* AvocadoApp.swift */ = {isa = PBXFileReference; lastKnownFileType = sourcecode.swift; path = AvocadoApp.swift; sourceTree = "<group>"; };
		09FE87142AC60B9D00924057 /* RecipesView.swift */ = {isa = PBXFileReference; lastKnownFileType = sourcecode.swift; path = RecipesView.swift; sourceTree = "<group>"; };
		09FE87162AC60BA500924057 /* Assets.xcassets */ = {isa = PBXFileReference; lastKnownFileType = folder.assetcatalog; path = Assets.xcassets; sourceTree = "<group>"; };
		09FE87192AC60BA500924057 /* Preview Assets.xcassets */ = {isa = PBXFileReference; lastKnownFileType = folder.assetcatalog; path = "Preview Assets.xcassets"; sourceTree = "<group>"; };
		480BC27D2C2131BE00823410 /* DateExtension.swift */ = {isa = PBXFileReference; lastKnownFileType = sourcecode.swift; path = DateExtension.swift; sourceTree = "<group>"; };
		482656932C0AD1BA0001E647 /* AvocadoUITests.xctest */ = {isa = PBXFileReference; explicitFileType = wrapper.cfbundle; includeInIndex = 0; path = AvocadoUITests.xctest; sourceTree = BUILT_PRODUCTS_DIR; };
		482656952C0AD1BA0001E647 /* AvocadoUITests.swift */ = {isa = PBXFileReference; lastKnownFileType = sourcecode.swift; path = AvocadoUITests.swift; sourceTree = "<group>"; };
		482656972C0AD1BA0001E647 /* AvocadoUITestsLaunchTests.swift */ = {isa = PBXFileReference; lastKnownFileType = sourcecode.swift; path = AvocadoUITestsLaunchTests.swift; sourceTree = "<group>"; };
		4890C54D2BF9339500B0EE85 /* DishData.swift */ = {isa = PBXFileReference; lastKnownFileType = sourcecode.swift; path = DishData.swift; sourceTree = "<group>"; };
		4890C54F2BF933B800B0EE85 /* DishModel.swift */ = {isa = PBXFileReference; lastKnownFileType = sourcecode.swift; path = DishModel.swift; sourceTree = "<group>"; };
		4890C5512BF9A36300B0EE85 /* DishView.swift */ = {isa = PBXFileReference; lastKnownFileType = sourcecode.swift; path = DishView.swift; sourceTree = "<group>"; };
		48A0E9BF2C15393400E5B002 /* TabBar.swift */ = {isa = PBXFileReference; lastKnownFileType = sourcecode.swift; path = TabBar.swift; sourceTree = "<group>"; };
		48A0E9C22C153C8300E5B002 /* TabBarProtocol.swift */ = {isa = PBXFileReference; lastKnownFileType = sourcecode.swift; path = TabBarProtocol.swift; sourceTree = "<group>"; };
		48A0E9C72C154D0E00E5B002 /* Tabs.swift */ = {isa = PBXFileReference; lastKnownFileType = sourcecode.swift; path = Tabs.swift; sourceTree = "<group>"; };
		48D594EB2C13FEF400DD7426 /* BaseScreen.swift */ = {isa = PBXFileReference; lastKnownFileType = sourcecode.swift; path = BaseScreen.swift; sourceTree = "<group>"; };
		48D594ED2C13FF4500DD7426 /* BaseTest.swift */ = {isa = PBXFileReference; lastKnownFileType = sourcecode.swift; path = BaseTest.swift; sourceTree = "<group>"; };
		48D594EF2C14002500DD7426 /* AppScreen.swift */ = {isa = PBXFileReference; lastKnownFileType = sourcecode.swift; path = AppScreen.swift; sourceTree = "<group>"; };
		48D594F12C1401DD00DD7426 /* RecipesScreen.swift */ = {isa = PBXFileReference; lastKnownFileType = sourcecode.swift; path = RecipesScreen.swift; sourceTree = "<group>"; };
		48D594F32C14126C00DD7426 /* RecipeDetailScreen.swift */ = {isa = PBXFileReference; lastKnownFileType = sourcecode.swift; path = RecipeDetailScreen.swift; sourceTree = "<group>"; };
		48F270612C1D397A00708653 /* AppDelegate.swift */ = {isa = PBXFileReference; lastKnownFileType = sourcecode.swift; path = AppDelegate.swift; sourceTree = "<group>"; };
		48F3DBEC2C22851F005A72F0 /* ScrollView.swift */ = {isa = PBXFileReference; lastKnownFileType = sourcecode.swift; path = ScrollView.swift; sourceTree = "<group>"; };
		48F3DBEE2C228AC6005A72F0 /* Text.swift */ = {isa = PBXFileReference; lastKnownFileType = sourcecode.swift; path = Text.swift; sourceTree = "<group>"; };
/* End PBXFileReference section */

/* Begin PBXFrameworksBuildPhase section */
		09FE870C2AC60B9D00924057 /* Frameworks */ = {
			isa = PBXFrameworksBuildPhase;
			buildActionMask = 2147483647;
			files = (
			);
			runOnlyForDeploymentPostprocessing = 0;
		};
		482656902C0AD1BA0001E647 /* Frameworks */ = {
			isa = PBXFrameworksBuildPhase;
			buildActionMask = 2147483647;
			files = (
			);
			runOnlyForDeploymentPostprocessing = 0;
		};
/* End PBXFrameworksBuildPhase section */

/* Begin PBXGroup section */
		098FFEFF2ACB3FBA00F7E266 /* Data */ = {
			isa = PBXGroup;
			children = (
				094819152ACE23F3005DA2B2 /* HeaderData.swift */,
				0948191F2ACF7DA8005DA2B2 /* FactData.swift */,
				094819232AD065D6005DA2B2 /* RecipeData.swift */,
				094819312AD23B10005DA2B2 /* RipeningData.swift */,
				4890C54D2BF9339500B0EE85 /* DishData.swift */,
			);
			path = Data;
			sourceTree = "<group>";
		};
		098FFF002ACB3FC800F7E266 /* Model */ = {
			isa = PBXGroup;
			children = (
				094819132ACE238A005DA2B2 /* HeaderModel.swift */,
				0948191D2ACF7D65005DA2B2 /* FactModel.swift */,
				094819212AD0651B005DA2B2 /* RecipeModel.swift */,
				0948192F2AD23AAC005DA2B2 /* RipeningModel.swift */,
				4890C54F2BF933B800B0EE85 /* DishModel.swift */,
			);
			path = Model;
			sourceTree = "<group>";
		};
		098FFF012ACB3FCD00F7E266 /* View */ = {
			isa = PBXGroup;
			children = (
				09FE87142AC60B9D00924057 /* RecipesView.swift */,
				098FFF022ACB400100F7E266 /* AvocadosView.swift */,
				098FFF042ACB403C00F7E266 /* RipeningStagesView.swift */,
				098FFF062ACB407000F7E266 /* SettingsView.swift */,
				098FFF082ACB409700F7E266 /* AppView.swift */,
				098FFF0A2ACB565B00F7E266 /* HeaderView.swift */,
				094819172ACE26EA005DA2B2 /* DishesView.swift */,
				4890C5512BF9A36300B0EE85 /* DishView.swift */,
				094819192ACF78D4005DA2B2 /* FactsView.swift */,
				094819252AD0670A005DA2B2 /* RecipeCardView.swift */,
				094819272AD07113005DA2B2 /* RecipeRatingView.swift */,
				094819292AD071B4005DA2B2 /* RecipeCookingView.swift */,
				0948192B2AD07284005DA2B2 /* RecipeDetailView.swift */,
				0948192D2AD22CE9005DA2B2 /* RipeningView.swift */,
			);
			path = View;
			sourceTree = "<group>";
		};
		09FE87062AC60B9D00924057 = {
			isa = PBXGroup;
			children = (
				09FE87112AC60B9D00924057 /* Avocado */,
				482656942C0AD1BA0001E647 /* AvocadoUITests */,
				09FE87102AC60B9D00924057 /* Products */,
			);
			sourceTree = "<group>";
		};
		09FE87102AC60B9D00924057 /* Products */ = {
			isa = PBXGroup;
			children = (
				09FE870F2AC60B9D00924057 /* Avocado.app */,
				482656932C0AD1BA0001E647 /* AvocadoUITests.xctest */,
			);
			name = Products;
			sourceTree = "<group>";
		};
		09FE87112AC60B9D00924057 /* Avocado */ = {
			isa = PBXGroup;
			children = (
				48F270612C1D397A00708653 /* AppDelegate.swift */,
				098FFF012ACB3FCD00F7E266 /* View */,
				098FFF002ACB3FC800F7E266 /* Model */,
				098FFEFF2ACB3FBA00F7E266 /* Data */,
				09DEEDC72ACB371900A410C9 /* Info.plist */,
				09FE87122AC60B9D00924057 /* AvocadoApp.swift */,
				09FE87162AC60BA500924057 /* Assets.xcassets */,
				09FE87182AC60BA500924057 /* Preview Content */,
			);
			path = Avocado;
			sourceTree = "<group>";
		};
		09FE87182AC60BA500924057 /* Preview Content */ = {
			isa = PBXGroup;
			children = (
				09FE87192AC60BA500924057 /* Preview Assets.xcassets */,
			);
			path = "Preview Content";
			sourceTree = "<group>";
		};
		480BC27C2C2131AC00823410 /* Extensions */ = {
			isa = PBXGroup;
			children = (
				480BC27D2C2131BE00823410 /* DateExtension.swift */,
			);
			path = Extensions;
			sourceTree = "<group>";
		};
		482656942C0AD1BA0001E647 /* AvocadoUITests */ = {
			isa = PBXGroup;
			children = (
				480BC27C2C2131AC00823410 /* Extensions */,
				48A0E9C62C154CE600E5B002 /* Enums */,
				48A0E9C12C153C6A00E5B002 /* Protocols */,
				48A0E9BE2C15130D00E5B002 /* Components */,
				48D594EA2C13FED200DD7426 /* Screens */,
				482656952C0AD1BA0001E647 /* AvocadoUITests.swift */,
				482656972C0AD1BA0001E647 /* AvocadoUITestsLaunchTests.swift */,
				48D594ED2C13FF4500DD7426 /* BaseTest.swift */,
			);
			path = AvocadoUITests;
			sourceTree = "<group>";
		};
		48A0E9BE2C15130D00E5B002 /* Components */ = {
			isa = PBXGroup;
			children = (
				48A0E9BF2C15393400E5B002 /* TabBar.swift */,
				48F3DBEC2C22851F005A72F0 /* ScrollView.swift */,
				48F3DBEE2C228AC6005A72F0 /* Text.swift */,
			);
			path = Components;
			sourceTree = "<group>";
		};
		48A0E9C12C153C6A00E5B002 /* Protocols */ = {
			isa = PBXGroup;
			children = (
				48A0E9C22C153C8300E5B002 /* TabBarProtocol.swift */,
			);
			path = Protocols;
			sourceTree = "<group>";
		};
		48A0E9C62C154CE600E5B002 /* Enums */ = {
			isa = PBXGroup;
			children = (
				48A0E9C72C154D0E00E5B002 /* Tabs.swift */,
			);
			path = Enums;
			sourceTree = "<group>";
		};
		48D594EA2C13FED200DD7426 /* Screens */ = {
			isa = PBXGroup;
			children = (
				48D594EB2C13FEF400DD7426 /* BaseScreen.swift */,
				48D594EF2C14002500DD7426 /* AppScreen.swift */,
				48D594F12C1401DD00DD7426 /* RecipesScreen.swift */,
				48D594F32C14126C00DD7426 /* RecipeDetailScreen.swift */,
			);
			path = Screens;
			sourceTree = "<group>";
		};
/* End PBXGroup section */

/* Begin PBXNativeTarget section */
		09FE870E2AC60B9D00924057 /* Avocado */ = {
			isa = PBXNativeTarget;
			buildConfigurationList = 09FE871D2AC60BA500924057 /* Build configuration list for PBXNativeTarget "Avocado" */;
			buildPhases = (
				09FE870B2AC60B9D00924057 /* Sources */,
				09FE870C2AC60B9D00924057 /* Frameworks */,
				09FE870D2AC60B9D00924057 /* Resources */,
			);
			buildRules = (
			);
			dependencies = (
			);
			name = Avocado;
			productName = Avocado;
			productReference = 09FE870F2AC60B9D00924057 /* Avocado.app */;
			productType = "com.apple.product-type.application";
		};
		482656922C0AD1BA0001E647 /* AvocadoUITests */ = {
			isa = PBXNativeTarget;
			buildConfigurationList = 4826569D2C0AD1BA0001E647 /* Build configuration list for PBXNativeTarget "AvocadoUITests" */;
			buildPhases = (
				4826568F2C0AD1BA0001E647 /* Sources */,
				482656902C0AD1BA0001E647 /* Frameworks */,
				482656912C0AD1BA0001E647 /* Resources */,
			);
			buildRules = (
			);
			dependencies = (
				4826569A2C0AD1BA0001E647 /* PBXTargetDependency */,
			);
			name = AvocadoUITests;
			productName = AvocadoUITests;
			productReference = 482656932C0AD1BA0001E647 /* AvocadoUITests.xctest */;
			productType = "com.apple.product-type.bundle.ui-testing";
		};
/* End PBXNativeTarget section */

/* Begin PBXProject section */
		09FE87072AC60B9D00924057 /* Project object */ = {
			isa = PBXProject;
			attributes = {
				BuildIndependentTargetsInParallel = 1;
				LastSwiftUpdateCheck = 1540;
				LastUpgradeCheck = 1540;
				TargetAttributes = {
					09FE870E2AC60B9D00924057 = {
						CreatedOnToolsVersion = 13.4.1;
					};
					482656922C0AD1BA0001E647 = {
						CreatedOnToolsVersion = 15.4;
						TestTargetID = 09FE870E2AC60B9D00924057;
					};
				};
			};
			buildConfigurationList = 09FE870A2AC60B9D00924057 /* Build configuration list for PBXProject "Avocado" */;
			compatibilityVersion = "Xcode 13.0";
			developmentRegion = en;
			hasScannedForEncodings = 0;
			knownRegions = (
				en,
				Base,
			);
			mainGroup = 09FE87062AC60B9D00924057;
			packageReferences = (
				4874C30D2BF04B01003F0312 /* XCRemoteSwiftPackageReference "supabase-swift" */,
			);
			productRefGroup = 09FE87102AC60B9D00924057 /* Products */;
			projectDirPath = "";
			projectRoot = "";
			targets = (
				09FE870E2AC60B9D00924057 /* Avocado */,
				482656922C0AD1BA0001E647 /* AvocadoUITests */,
			);
		};
/* End PBXProject section */

/* Begin PBXResourcesBuildPhase section */
		09FE870D2AC60B9D00924057 /* Resources */ = {
			isa = PBXResourcesBuildPhase;
			buildActionMask = 2147483647;
			files = (
				09FE871A2AC60BA500924057 /* Preview Assets.xcassets in Resources */,
				09FE87172AC60BA500924057 /* Assets.xcassets in Resources */,
			);
			runOnlyForDeploymentPostprocessing = 0;
		};
		482656912C0AD1BA0001E647 /* Resources */ = {
			isa = PBXResourcesBuildPhase;
			buildActionMask = 2147483647;
			files = (
			);
			runOnlyForDeploymentPostprocessing = 0;
		};
/* End PBXResourcesBuildPhase section */

/* Begin PBXSourcesBuildPhase section */
		09FE870B2AC60B9D00924057 /* Sources */ = {
			isa = PBXSourcesBuildPhase;
			buildActionMask = 2147483647;
			files = (
				098FFF072ACB407000F7E266 /* SettingsView.swift in Sources */,
				094819282AD07113005DA2B2 /* RecipeRatingView.swift in Sources */,
				094819302AD23AAC005DA2B2 /* RipeningModel.swift in Sources */,
				09FE87152AC60B9D00924057 /* RecipesView.swift in Sources */,
				098FFF092ACB409700F7E266 /* AppView.swift in Sources */,
				098FFF052ACB403C00F7E266 /* RipeningStagesView.swift in Sources */,
				09FE87132AC60B9D00924057 /* AvocadoApp.swift in Sources */,
				098FFF032ACB400100F7E266 /* AvocadosView.swift in Sources */,
				48F270622C1D397A00708653 /* AppDelegate.swift in Sources */,
				094819142ACE238A005DA2B2 /* HeaderModel.swift in Sources */,
				094819222AD0651B005DA2B2 /* RecipeModel.swift in Sources */,
				094819162ACE23F3005DA2B2 /* HeaderData.swift in Sources */,
				4890C5522BF9A36300B0EE85 /* DishView.swift in Sources */,
				094819182ACE26EA005DA2B2 /* DishesView.swift in Sources */,
				0948192A2AD071B4005DA2B2 /* RecipeCookingView.swift in Sources */,
				0948192E2AD22CE9005DA2B2 /* RipeningView.swift in Sources */,
				0948191E2ACF7D65005DA2B2 /* FactModel.swift in Sources */,
				0948191A2ACF78D4005DA2B2 /* FactsView.swift in Sources */,
				094819262AD0670A005DA2B2 /* RecipeCardView.swift in Sources */,
				094819242AD065D6005DA2B2 /* RecipeData.swift in Sources */,
				098FFF0B2ACB565B00F7E266 /* HeaderView.swift in Sources */,
				4890C5502BF933B800B0EE85 /* DishModel.swift in Sources */,
				094819322AD23B10005DA2B2 /* RipeningData.swift in Sources */,
				0948192C2AD07284005DA2B2 /* RecipeDetailView.swift in Sources */,
				4890C54E2BF9339500B0EE85 /* DishData.swift in Sources */,
				094819202ACF7DA8005DA2B2 /* FactData.swift in Sources */,
			);
			runOnlyForDeploymentPostprocessing = 0;
		};
		4826568F2C0AD1BA0001E647 /* Sources */ = {
			isa = PBXSourcesBuildPhase;
			buildActionMask = 2147483647;
			files = (
				48D594EE2C13FF4500DD7426 /* BaseTest.swift in Sources */,
				48D594F42C14126C00DD7426 /* RecipeDetailScreen.swift in Sources */,
				482656982C0AD1BA0001E647 /* AvocadoUITestsLaunchTests.swift in Sources */,
				48A0E9C82C154D0E00E5B002 /* Tabs.swift in Sources */,
				48A0E9C02C15393400E5B002 /* TabBar.swift in Sources */,
				48D594F22C1401DD00DD7426 /* RecipesScreen.swift in Sources */,
				480BC27E2C2131BE00823410 /* DateExtension.swift in Sources */,
				48F3DBED2C22851F005A72F0 /* ScrollView.swift in Sources */,
				48F3DBEF2C228AC6005A72F0 /* Text.swift in Sources */,
				482656962C0AD1BA0001E647 /* AvocadoUITests.swift in Sources */,
				48A0E9C32C153C8300E5B002 /* TabBarProtocol.swift in Sources */,
				48D594F02C14002500DD7426 /* AppScreen.swift in Sources */,
				48D594EC2C13FEF400DD7426 /* BaseScreen.swift in Sources */,
			);
			runOnlyForDeploymentPostprocessing = 0;
		};
/* End PBXSourcesBuildPhase section */

/* Begin PBXTargetDependency section */
		4826569A2C0AD1BA0001E647 /* PBXTargetDependency */ = {
			isa = PBXTargetDependency;
			target = 09FE870E2AC60B9D00924057 /* Avocado */;
			targetProxy = 482656992C0AD1BA0001E647 /* PBXContainerItemProxy */;
		};
/* End PBXTargetDependency section */

/* Begin XCBuildConfiguration section */
		09FE871B2AC60BA500924057 /* Debug */ = {
			isa = XCBuildConfiguration;
			buildSettings = {
				ALWAYS_SEARCH_USER_PATHS = NO;
				ASSETCATALOG_COMPILER_GENERATE_SWIFT_ASSET_SYMBOL_EXTENSIONS = YES;
				CLANG_ANALYZER_NONNULL = YES;
				CLANG_ANALYZER_NUMBER_OBJECT_CONVERSION = YES_AGGRESSIVE;
				CLANG_CXX_LANGUAGE_STANDARD = "gnu++17";
				CLANG_ENABLE_MODULES = YES;
				CLANG_ENABLE_OBJC_ARC = YES;
				CLANG_ENABLE_OBJC_WEAK = YES;
				CLANG_WARN_BLOCK_CAPTURE_AUTORELEASING = YES;
				CLANG_WARN_BOOL_CONVERSION = YES;
				CLANG_WARN_COMMA = YES;
				CLANG_WARN_CONSTANT_CONVERSION = YES;
				CLANG_WARN_DEPRECATED_OBJC_IMPLEMENTATIONS = YES;
				CLANG_WARN_DIRECT_OBJC_ISA_USAGE = YES_ERROR;
				CLANG_WARN_DOCUMENTATION_COMMENTS = YES;
				CLANG_WARN_EMPTY_BODY = YES;
				CLANG_WARN_ENUM_CONVERSION = YES;
				CLANG_WARN_INFINITE_RECURSION = YES;
				CLANG_WARN_INT_CONVERSION = YES;
				CLANG_WARN_NON_LITERAL_NULL_CONVERSION = YES;
				CLANG_WARN_OBJC_IMPLICIT_RETAIN_SELF = YES;
				CLANG_WARN_OBJC_LITERAL_CONVERSION = YES;
				CLANG_WARN_OBJC_ROOT_CLASS = YES_ERROR;
				CLANG_WARN_QUOTED_INCLUDE_IN_FRAMEWORK_HEADER = YES;
				CLANG_WARN_RANGE_LOOP_ANALYSIS = YES;
				CLANG_WARN_STRICT_PROTOTYPES = YES;
				CLANG_WARN_SUSPICIOUS_MOVE = YES;
				CLANG_WARN_UNGUARDED_AVAILABILITY = YES_AGGRESSIVE;
				CLANG_WARN_UNREACHABLE_CODE = YES;
				CLANG_WARN__DUPLICATE_METHOD_MATCH = YES;
				COPY_PHASE_STRIP = NO;
				DEBUG_INFORMATION_FORMAT = dwarf;
				ENABLE_STRICT_OBJC_MSGSEND = YES;
				ENABLE_TESTABILITY = YES;
				ENABLE_USER_SCRIPT_SANDBOXING = YES;
				GCC_C_LANGUAGE_STANDARD = gnu11;
				GCC_DYNAMIC_NO_PIC = NO;
				GCC_NO_COMMON_BLOCKS = YES;
				GCC_OPTIMIZATION_LEVEL = 0;
				GCC_PREPROCESSOR_DEFINITIONS = (
					"DEBUG=1",
					"$(inherited)",
				);
				GCC_WARN_64_TO_32_BIT_CONVERSION = YES;
				GCC_WARN_ABOUT_RETURN_TYPE = YES_ERROR;
				GCC_WARN_UNDECLARED_SELECTOR = YES;
				GCC_WARN_UNINITIALIZED_AUTOS = YES_AGGRESSIVE;
				GCC_WARN_UNUSED_FUNCTION = YES;
				GCC_WARN_UNUSED_VARIABLE = YES;
				IPHONEOS_DEPLOYMENT_TARGET = 16.0;
				MTL_ENABLE_DEBUG_INFO = INCLUDE_SOURCE;
				MTL_FAST_MATH = YES;
				ONLY_ACTIVE_ARCH = YES;
				SDKROOT = iphoneos;
				SWIFT_ACTIVE_COMPILATION_CONDITIONS = DEBUG;
				SWIFT_OPTIMIZATION_LEVEL = "-Onone";
			};
			name = Debug;
		};
		09FE871C2AC60BA500924057 /* Release */ = {
			isa = XCBuildConfiguration;
			buildSettings = {
				ALWAYS_SEARCH_USER_PATHS = NO;
				ASSETCATALOG_COMPILER_GENERATE_SWIFT_ASSET_SYMBOL_EXTENSIONS = YES;
				CLANG_ANALYZER_NONNULL = YES;
				CLANG_ANALYZER_NUMBER_OBJECT_CONVERSION = YES_AGGRESSIVE;
				CLANG_CXX_LANGUAGE_STANDARD = "gnu++17";
				CLANG_ENABLE_MODULES = YES;
				CLANG_ENABLE_OBJC_ARC = YES;
				CLANG_ENABLE_OBJC_WEAK = YES;
				CLANG_WARN_BLOCK_CAPTURE_AUTORELEASING = YES;
				CLANG_WARN_BOOL_CONVERSION = YES;
				CLANG_WARN_COMMA = YES;
				CLANG_WARN_CONSTANT_CONVERSION = YES;
				CLANG_WARN_DEPRECATED_OBJC_IMPLEMENTATIONS = YES;
				CLANG_WARN_DIRECT_OBJC_ISA_USAGE = YES_ERROR;
				CLANG_WARN_DOCUMENTATION_COMMENTS = YES;
				CLANG_WARN_EMPTY_BODY = YES;
				CLANG_WARN_ENUM_CONVERSION = YES;
				CLANG_WARN_INFINITE_RECURSION = YES;
				CLANG_WARN_INT_CONVERSION = YES;
				CLANG_WARN_NON_LITERAL_NULL_CONVERSION = YES;
				CLANG_WARN_OBJC_IMPLICIT_RETAIN_SELF = YES;
				CLANG_WARN_OBJC_LITERAL_CONVERSION = YES;
				CLANG_WARN_OBJC_ROOT_CLASS = YES_ERROR;
				CLANG_WARN_QUOTED_INCLUDE_IN_FRAMEWORK_HEADER = YES;
				CLANG_WARN_RANGE_LOOP_ANALYSIS = YES;
				CLANG_WARN_STRICT_PROTOTYPES = YES;
				CLANG_WARN_SUSPICIOUS_MOVE = YES;
				CLANG_WARN_UNGUARDED_AVAILABILITY = YES_AGGRESSIVE;
				CLANG_WARN_UNREACHABLE_CODE = YES;
				CLANG_WARN__DUPLICATE_METHOD_MATCH = YES;
				COPY_PHASE_STRIP = NO;
				DEBUG_INFORMATION_FORMAT = "dwarf-with-dsym";
				ENABLE_NS_ASSERTIONS = NO;
				ENABLE_STRICT_OBJC_MSGSEND = YES;
				ENABLE_USER_SCRIPT_SANDBOXING = YES;
				GCC_C_LANGUAGE_STANDARD = gnu11;
				GCC_NO_COMMON_BLOCKS = YES;
				GCC_WARN_64_TO_32_BIT_CONVERSION = YES;
				GCC_WARN_ABOUT_RETURN_TYPE = YES_ERROR;
				GCC_WARN_UNDECLARED_SELECTOR = YES;
				GCC_WARN_UNINITIALIZED_AUTOS = YES_AGGRESSIVE;
				GCC_WARN_UNUSED_FUNCTION = YES;
				GCC_WARN_UNUSED_VARIABLE = YES;
				IPHONEOS_DEPLOYMENT_TARGET = 16.0;
				MTL_ENABLE_DEBUG_INFO = NO;
				MTL_FAST_MATH = YES;
				SDKROOT = iphoneos;
				SWIFT_COMPILATION_MODE = wholemodule;
				SWIFT_OPTIMIZATION_LEVEL = "-O";
				VALIDATE_PRODUCT = YES;
			};
			name = Release;
		};
		09FE871E2AC60BA500924057 /* Debug */ = {
			isa = XCBuildConfiguration;
			buildSettings = {
				ASSETCATALOG_COMPILER_APPICON_NAME = AppIcon;
				ASSETCATALOG_COMPILER_GLOBAL_ACCENT_COLOR_NAME = AccentColor;
				CODE_SIGN_STYLE = Automatic;
				CURRENT_PROJECT_VERSION = 1;
				DEVELOPMENT_ASSET_PATHS = "\"Avocado/Preview Content\"";
				DEVELOPMENT_TEAM = 4EE6D69E6C;
				ENABLE_PREVIEWS = YES;
				GENERATE_INFOPLIST_FILE = YES;
				INFOPLIST_FILE = Avocado/Info.plist;
				INFOPLIST_KEY_UIApplicationSceneManifest_Generation = YES;
				INFOPLIST_KEY_UIApplicationSupportsIndirectInputEvents = YES;
				INFOPLIST_KEY_UILaunchStoryboardName = "";
				INFOPLIST_KEY_UISupportedInterfaceOrientations = UIInterfaceOrientationPortrait;
				INFOPLIST_KEY_UISupportedInterfaceOrientations_iPad = "UIInterfaceOrientationLandscapeLeft UIInterfaceOrientationLandscapeRight UIInterfaceOrientationPortrait UIInterfaceOrientationPortraitUpsideDown";
				LD_RUNPATH_SEARCH_PATHS = (
					"$(inherited)",
					"@executable_path/Frameworks",
				);
				MARKETING_VERSION = 1.0;
				PRODUCT_BUNDLE_IDENTIFIER = com.apis3445.Avocado;
				PRODUCT_NAME = "$(TARGET_NAME)";
				SWIFT_EMIT_LOC_STRINGS = YES;
				SWIFT_VERSION = 5.0;
				TARGETED_DEVICE_FAMILY = "1,2";
			};
			name = Debug;
		};
		09FE871F2AC60BA500924057 /* Release */ = {
			isa = XCBuildConfiguration;
			buildSettings = {
				ASSETCATALOG_COMPILER_APPICON_NAME = AppIcon;
				ASSETCATALOG_COMPILER_GLOBAL_ACCENT_COLOR_NAME = AccentColor;
				CODE_SIGN_STYLE = Automatic;
				CURRENT_PROJECT_VERSION = 1;
				DEVELOPMENT_ASSET_PATHS = "\"Avocado/Preview Content\"";
				DEVELOPMENT_TEAM = 4EE6D69E6C;
				ENABLE_PREVIEWS = YES;
				GENERATE_INFOPLIST_FILE = YES;
				INFOPLIST_FILE = Avocado/Info.plist;
				INFOPLIST_KEY_UIApplicationSceneManifest_Generation = YES;
				INFOPLIST_KEY_UIApplicationSupportsIndirectInputEvents = YES;
				INFOPLIST_KEY_UILaunchStoryboardName = "";
				INFOPLIST_KEY_UISupportedInterfaceOrientations = UIInterfaceOrientationPortrait;
				INFOPLIST_KEY_UISupportedInterfaceOrientations_iPad = "UIInterfaceOrientationLandscapeLeft UIInterfaceOrientationLandscapeRight UIInterfaceOrientationPortrait UIInterfaceOrientationPortraitUpsideDown";
				LD_RUNPATH_SEARCH_PATHS = (
					"$(inherited)",
					"@executable_path/Frameworks",
				);
				MARKETING_VERSION = 1.0;
				PRODUCT_BUNDLE_IDENTIFIER = com.apis3445.Avocado;
				PRODUCT_NAME = "$(TARGET_NAME)";
				SWIFT_EMIT_LOC_STRINGS = YES;
				SWIFT_VERSION = 5.0;
				TARGETED_DEVICE_FAMILY = "1,2";
			};
			name = Release;
		};
		4826569B2C0AD1BA0001E647 /* Debug */ = {
			isa = XCBuildConfiguration;
			buildSettings = {
				CLANG_CXX_LANGUAGE_STANDARD = "gnu++20";
				"CODE_SIGN_IDENTITY[sdk=macosx*]" = "Apple Development";
				CODE_SIGN_STYLE = Automatic;
				CURRENT_PROJECT_VERSION = 1;
				DEVELOPMENT_TEAM = 4EE6D69E6C;
				GCC_C_LANGUAGE_STANDARD = gnu17;
				GENERATE_INFOPLIST_FILE = YES;
				IPHONEOS_DEPLOYMENT_TARGET = 16.0;
				LOCALIZATION_PREFERS_STRING_CATALOGS = YES;
				MARKETING_VERSION = 1.0;
				PRODUCT_BUNDLE_IDENTIFIER = apis3445.AvocadoUITests;
				PRODUCT_NAME = "$(TARGET_NAME)";
				SWIFT_ACTIVE_COMPILATION_CONDITIONS = "DEBUG $(inherited)";
				SWIFT_EMIT_LOC_STRINGS = NO;
				SWIFT_VERSION = 5.0;
				TARGETED_DEVICE_FAMILY = "1,2";
				TEST_TARGET_NAME = Avocado;
			};
			name = Debug;
		};
		4826569C2C0AD1BA0001E647 /* Release */ = {
			isa = XCBuildConfiguration;
			buildSettings = {
				CLANG_CXX_LANGUAGE_STANDARD = "gnu++20";
				"CODE_SIGN_IDENTITY[sdk=macosx*]" = "Apple Development";
				CODE_SIGN_STYLE = Automatic;
				CURRENT_PROJECT_VERSION = 1;
				DEVELOPMENT_TEAM = 4EE6D69E6C;
				GCC_C_LANGUAGE_STANDARD = gnu17;
				GENERATE_INFOPLIST_FILE = YES;
				IPHONEOS_DEPLOYMENT_TARGET = 16.0;
				LOCALIZATION_PREFERS_STRING_CATALOGS = YES;
				MARKETING_VERSION = 1.0;
				PRODUCT_BUNDLE_IDENTIFIER = apis3445.AvocadoUITests;
				PRODUCT_NAME = "$(TARGET_NAME)";
				SWIFT_EMIT_LOC_STRINGS = NO;
				SWIFT_VERSION = 5.0;
				TARGETED_DEVICE_FAMILY = "1,2";
				TEST_TARGET_NAME = Avocado;
			};
			name = Release;
		};
/* End XCBuildConfiguration section */

/* Begin XCConfigurationList section */
		09FE870A2AC60B9D00924057 /* Build configuration list for PBXProject "Avocado" */ = {
			isa = XCConfigurationList;
			buildConfigurations = (
				09FE871B2AC60BA500924057 /* Debug */,
				09FE871C2AC60BA500924057 /* Release */,
			);
			defaultConfigurationIsVisible = 0;
			defaultConfigurationName = Release;
		};
		09FE871D2AC60BA500924057 /* Build configuration list for PBXNativeTarget "Avocado" */ = {
			isa = XCConfigurationList;
			buildConfigurations = (
				09FE871E2AC60BA500924057 /* Debug */,
				09FE871F2AC60BA500924057 /* Release */,
			);
			defaultConfigurationIsVisible = 0;
			defaultConfigurationName = Release;
		};
		4826569D2C0AD1BA0001E647 /* Build configuration list for PBXNativeTarget "AvocadoUITests" */ = {
			isa = XCConfigurationList;
			buildConfigurations = (
				4826569B2C0AD1BA0001E647 /* Debug */,
				4826569C2C0AD1BA0001E647 /* Release */,
			);
			defaultConfigurationIsVisible = 0;
			defaultConfigurationName = Release;
		};
/* End XCConfigurationList section */

/* Begin XCRemoteSwiftPackageReference section */
		4874C30D2BF04B01003F0312 /* XCRemoteSwiftPackageReference "supabase-swift" */ = {
			isa = XCRemoteSwiftPackageReference;
			repositoryURL = "https://github.com/supabase/supabase-swift.git";
			requirement = {
				kind = upToNextMajorVersion;
				minimumVersion = 2.5.1;
			};
		};
/* End XCRemoteSwiftPackageReference section */
	};
	rootObject = 09FE87072AC60B9D00924057 /* Project object */;
}
